// !$*UTF8*$!
{
	archiveVersion = 1;
	classes = {
	};
	objectVersion = 46;
	objects = {

/* Begin PBXBuildFile section */
		46954F4AA4820B4D606AD899 /* Pods_Chat_iOS.framework in Frameworks */ = {isa = PBXBuildFile; fileRef = 7909FAA3E8F0C67FCBF8F416 /* Pods_Chat_iOS.framework */; };
		AB05C2E51D73D64900C60D8D /* Chat-iOS.xcdatamodeld in Sources */ = {isa = PBXBuildFile; fileRef = AB05C2E31D73D64900C60D8D /* Chat-iOS.xcdatamodeld */; };
		AB05C2EA1D74047A00C60D8D /* Peple+CoreDataClass.swift in Sources */ = {isa = PBXBuildFile; fileRef = AB05C2E81D74047A00C60D8D /* Peple+CoreDataClass.swift */; };
		AB05C2EB1D74047A00C60D8D /* Peple+CoreDataProperties.swift in Sources */ = {isa = PBXBuildFile; fileRef = AB05C2E91D74047A00C60D8D /* Peple+CoreDataProperties.swift */; };
		AB05C2ED1D75205900C60D8D /* RegisViewController.swift in Sources */ = {isa = PBXBuildFile; fileRef = AB05C2EC1D75205900C60D8D /* RegisViewController.swift */; };
		AB7F55F81D6F0474005303C5 /* ChatListViewController.swift in Sources */ = {isa = PBXBuildFile; fileRef = AB7F55F71D6F0474005303C5 /* ChatListViewController.swift */; };
		AB7F55FA1D6F0483005303C5 /* FriendListViewController.swift in Sources */ = {isa = PBXBuildFile; fileRef = AB7F55F91D6F0483005303C5 /* FriendListViewController.swift */; };
		AB7F55FC1D6F04B4005303C5 /* AboutMeViewController.swift in Sources */ = {isa = PBXBuildFile; fileRef = AB7F55FB1D6F04B4005303C5 /* AboutMeViewController.swift */; };
		AB7F56031D6F0696005303C5 /* RootTabBarViewController.swift in Sources */ = {isa = PBXBuildFile; fileRef = AB7F56021D6F0696005303C5 /* RootTabBarViewController.swift */; };
		AB7F56061D6F0875005303C5 /* FriendDynamicsViewController.swift in Sources */ = {isa = PBXBuildFile; fileRef = AB7F56051D6F0875005303C5 /* FriendDynamicsViewController.swift */; };
		AB7F56131D6FCA58005303C5 /* UserRouter.swift in Sources */ = {isa = PBXBuildFile; fileRef = AB7F56121D6FCA58005303C5 /* UserRouter.swift */; };
		AB7F56161D6FD457005303C5 /* RequestAPI.swift in Sources */ = {isa = PBXBuildFile; fileRef = AB7F56151D6FD457005303C5 /* RequestAPI.swift */; };
		AB7F56191D7011FA005303C5 /* LeftMenuTableViewCell.swift in Sources */ = {isa = PBXBuildFile; fileRef = AB7F56181D7011FA005303C5 /* LeftMenuTableViewCell.swift */; };
		ABDA8C231D7030D7008CBE56 /* UserMoreInformationTableViewController.swift in Sources */ = {isa = PBXBuildFile; fileRef = ABDA8C221D7030D7008CBE56 /* UserMoreInformationTableViewController.swift */; };
		ABE495BF1D6DBF180005CA71 /* AppDelegate.swift in Sources */ = {isa = PBXBuildFile; fileRef = ABE495BE1D6DBF180005CA71 /* AppDelegate.swift */; };
		ABE495C41D6DBF180005CA71 /* Main.storyboard in Resources */ = {isa = PBXBuildFile; fileRef = ABE495C21D6DBF180005CA71 /* Main.storyboard */; };
		ABE495C61D6DBF180005CA71 /* Assets.xcassets in Resources */ = {isa = PBXBuildFile; fileRef = ABE495C51D6DBF180005CA71 /* Assets.xcassets */; };
		ABE495C91D6DBF180005CA71 /* LaunchScreen.storyboard in Resources */ = {isa = PBXBuildFile; fileRef = ABE495C71D6DBF180005CA71 /* LaunchScreen.storyboard */; };
/* End PBXBuildFile section */

/* Begin PBXFileReference section */
		7909FAA3E8F0C67FCBF8F416 /* Pods_Chat_iOS.framework */ = {isa = PBXFileReference; explicitFileType = wrapper.framework; includeInIndex = 0; path = Pods_Chat_iOS.framework; sourceTree = BUILT_PRODUCTS_DIR; };
		AB05C2E41D73D64900C60D8D /* Chat-iOS.xcdatamodel */ = {isa = PBXFileReference; lastKnownFileType = wrapper.xcdatamodel; path = "Chat-iOS.xcdatamodel"; sourceTree = "<group>"; };
		AB05C2E81D74047A00C60D8D /* Peple+CoreDataClass.swift */ = {isa = PBXFileReference; fileEncoding = 4; lastKnownFileType = sourcecode.swift; path = "Peple+CoreDataClass.swift"; sourceTree = "<group>"; };
		AB05C2E91D74047A00C60D8D /* Peple+CoreDataProperties.swift */ = {isa = PBXFileReference; fileEncoding = 4; lastKnownFileType = sourcecode.swift; path = "Peple+CoreDataProperties.swift"; sourceTree = "<group>"; };
		AB05C2EC1D75205900C60D8D /* RegisViewController.swift */ = {isa = PBXFileReference; fileEncoding = 4; lastKnownFileType = sourcecode.swift; path = RegisViewController.swift; sourceTree = "<group>"; };
		AB7F55F71D6F0474005303C5 /* ChatListViewController.swift */ = {isa = PBXFileReference; fileEncoding = 4; lastKnownFileType = sourcecode.swift; path = ChatListViewController.swift; sourceTree = "<group>"; };
		AB7F55F91D6F0483005303C5 /* FriendListViewController.swift */ = {isa = PBXFileReference; fileEncoding = 4; lastKnownFileType = sourcecode.swift; path = FriendListViewController.swift; sourceTree = "<group>"; };
		AB7F55FB1D6F04B4005303C5 /* AboutMeViewController.swift */ = {isa = PBXFileReference; fileEncoding = 4; lastKnownFileType = sourcecode.swift; path = AboutMeViewController.swift; sourceTree = "<group>"; };
		AB7F56021D6F0696005303C5 /* RootTabBarViewController.swift */ = {isa = PBXFileReference; fileEncoding = 4; lastKnownFileType = sourcecode.swift; path = RootTabBarViewController.swift; sourceTree = "<group>"; };
		AB7F56051D6F0875005303C5 /* FriendDynamicsViewController.swift */ = {isa = PBXFileReference; fileEncoding = 4; lastKnownFileType = sourcecode.swift; path = FriendDynamicsViewController.swift; sourceTree = "<group>"; };
		AB7F56121D6FCA58005303C5 /* UserRouter.swift */ = {isa = PBXFileReference; fileEncoding = 4; lastKnownFileType = sourcecode.swift; path = UserRouter.swift; sourceTree = "<group>"; };
		AB7F56151D6FD457005303C5 /* RequestAPI.swift */ = {isa = PBXFileReference; fileEncoding = 4; lastKnownFileType = sourcecode.swift; path = RequestAPI.swift; sourceTree = "<group>"; };
		AB7F56181D7011FA005303C5 /* LeftMenuTableViewCell.swift */ = {isa = PBXFileReference; fileEncoding = 4; lastKnownFileType = sourcecode.swift; path = LeftMenuTableViewCell.swift; sourceTree = "<group>"; };
		ABDA8C221D7030D7008CBE56 /* UserMoreInformationTableViewController.swift */ = {isa = PBXFileReference; fileEncoding = 4; lastKnownFileType = sourcecode.swift; path = UserMoreInformationTableViewController.swift; sourceTree = "<group>"; };
		ABE495BB1D6DBF180005CA71 /* Chat-iOS.app */ = {isa = PBXFileReference; explicitFileType = wrapper.application; includeInIndex = 0; path = "Chat-iOS.app"; sourceTree = BUILT_PRODUCTS_DIR; };
		ABE495BE1D6DBF180005CA71 /* AppDelegate.swift */ = {isa = PBXFileReference; lastKnownFileType = sourcecode.swift; path = AppDelegate.swift; sourceTree = "<group>"; };
		ABE495C31D6DBF180005CA71 /* Base */ = {isa = PBXFileReference; lastKnownFileType = file.storyboard; name = Base; path = Base.lproj/Main.storyboard; sourceTree = "<group>"; };
		ABE495C51D6DBF180005CA71 /* Assets.xcassets */ = {isa = PBXFileReference; lastKnownFileType = folder.assetcatalog; path = Assets.xcassets; sourceTree = "<group>"; };
		ABE495C81D6DBF180005CA71 /* Base */ = {isa = PBXFileReference; lastKnownFileType = file.storyboard; name = Base; path = Base.lproj/LaunchScreen.storyboard; sourceTree = "<group>"; };
		ABE495CA1D6DBF180005CA71 /* Info.plist */ = {isa = PBXFileReference; lastKnownFileType = text.plist.xml; path = Info.plist; sourceTree = "<group>"; };
		F8F1F229E58464748D4A9CBD /* Pods-Chat-iOS.debug.xcconfig */ = {isa = PBXFileReference; includeInIndex = 1; lastKnownFileType = text.xcconfig; name = "Pods-Chat-iOS.debug.xcconfig"; path = "Pods/Target Support Files/Pods-Chat-iOS/Pods-Chat-iOS.debug.xcconfig"; sourceTree = "<group>"; };
		FEC739BC661451857018B294 /* Pods-Chat-iOS.release.xcconfig */ = {isa = PBXFileReference; includeInIndex = 1; lastKnownFileType = text.xcconfig; name = "Pods-Chat-iOS.release.xcconfig"; path = "Pods/Target Support Files/Pods-Chat-iOS/Pods-Chat-iOS.release.xcconfig"; sourceTree = "<group>"; };
/* End PBXFileReference section */

/* Begin PBXFrameworksBuildPhase section */
		ABE495B81D6DBF180005CA71 /* Frameworks */ = {
			isa = PBXFrameworksBuildPhase;
			buildActionMask = 2147483647;
			files = (
				46954F4AA4820B4D606AD899 /* Pods_Chat_iOS.framework in Frameworks */,
			);
			runOnlyForDeploymentPostprocessing = 0;
		};
/* End PBXFrameworksBuildPhase section */

/* Begin PBXGroup section */
		5744913E89B3F0F5B5CFF4D7 /* Pods */ = {
			isa = PBXGroup;
			children = (
				F8F1F229E58464748D4A9CBD /* Pods-Chat-iOS.debug.xcconfig */,
				FEC739BC661451857018B294 /* Pods-Chat-iOS.release.xcconfig */,
			);
			name = Pods;
			sourceTree = "<group>";
		};
		AB05C2E21D73D62200C60D8D /* CoreData */ = {
			isa = PBXGroup;
			children = (
				AB05C2E81D74047A00C60D8D /* Peple+CoreDataClass.swift */,
				AB05C2E91D74047A00C60D8D /* Peple+CoreDataProperties.swift */,
				AB05C2E31D73D64900C60D8D /* Chat-iOS.xcdatamodeld */,
			);
			name = CoreData;
			sourceTree = "<group>";
		};
		AB7F55F51D6F0449005303C5 /* ChatList */ = {
			isa = PBXGroup;
			children = (
				AB7F55F71D6F0474005303C5 /* ChatListViewController.swift */,
			);
			name = ChatList;
			sourceTree = "<group>";
		};
		AB7F55F61D6F0453005303C5 /* FriendList */ = {
			isa = PBXGroup;
			children = (
				AB7F55F91D6F0483005303C5 /* FriendListViewController.swift */,
			);
			name = FriendList;
			sourceTree = "<group>";
		};
		AB7F55FD1D6F04E4005303C5 /* AboutMe */ = {
			isa = PBXGroup;
			children = (
				AB7F55FB1D6F04B4005303C5 /* AboutMeViewController.swift */,
				ABDA8C221D7030D7008CBE56 /* UserMoreInformationTableViewController.swift */,
				AB05C2EC1D75205900C60D8D /* RegisViewController.swift */,
			);
			name = AboutMe;
			sourceTree = "<group>";
		};
		AB7F55FE1D6F04FA005303C5 /* StoryBoard */ = {
			isa = PBXGroup;
			children = (
				ABE495C21D6DBF180005CA71 /* Main.storyboard */,
				ABE495C71D6DBF180005CA71 /* LaunchScreen.storyboard */,
			);
			name = StoryBoard;
			sourceTree = "<group>";
		};
		AB7F55FF1D6F05E6005303C5 /* NavigationAndTabar */ = {
			isa = PBXGroup;
			children = (
				AB7F56021D6F0696005303C5 /* RootTabBarViewController.swift */,
			);
			name = NavigationAndTabar;
			sourceTree = "<group>";
		};
		AB7F56041D6F0854005303C5 /* FriendDynamics */ = {
			isa = PBXGroup;
			children = (
				AB7F56051D6F0875005303C5 /* FriendDynamicsViewController.swift */,
			);
			name = FriendDynamics;
			sourceTree = "<group>";
		};
		AB7F56111D6FCA3C005303C5 /* Routers */ = {
			isa = PBXGroup;
			children = (
				AB7F56121D6FCA58005303C5 /* UserRouter.swift */,
			);
			name = Routers;
			sourceTree = "<group>";
		};
		AB7F56141D6FD42D005303C5 /* ExeAPIRequest */ = {
			isa = PBXGroup;
			children = (
				AB7F56151D6FD457005303C5 /* RequestAPI.swift */,
			);
			name = ExeAPIRequest;
			sourceTree = "<group>";
		};
		AB7F56171D7011CE005303C5 /* CustomCell */ = {
			isa = PBXGroup;
			children = (
				AB7F56181D7011FA005303C5 /* LeftMenuTableViewCell.swift */,
			);
			name = CustomCell;
			sourceTree = "<group>";
		};
		ABE495B21D6DBF180005CA71 = {
			isa = PBXGroup;
			children = (
				ABE495BD1D6DBF180005CA71 /* Chat-iOS */,
				ABE495BC1D6DBF180005CA71 /* Products */,
				5744913E89B3F0F5B5CFF4D7 /* Pods */,
				BD43A9146981985720F6E839 /* Frameworks */,
			);
			sourceTree = "<group>";
		};
		ABE495BC1D6DBF180005CA71 /* Products */ = {
			isa = PBXGroup;
			children = (
				ABE495BB1D6DBF180005CA71 /* Chat-iOS.app */,
			);
			name = Products;
			sourceTree = "<group>";
		};
		ABE495BD1D6DBF180005CA71 /* Chat-iOS */ = {
			isa = PBXGroup;
			children = (
				AB05C2E21D73D62200C60D8D /* CoreData */,
				AB7F56171D7011CE005303C5 /* CustomCell */,
				AB7F56141D6FD42D005303C5 /* ExeAPIRequest */,
				AB7F56111D6FCA3C005303C5 /* Routers */,
				AB7F56041D6F0854005303C5 /* FriendDynamics */,
				AB7F55FF1D6F05E6005303C5 /* NavigationAndTabar */,
				AB7F55FE1D6F04FA005303C5 /* StoryBoard */,
				AB7F55FD1D6F04E4005303C5 /* AboutMe */,
				AB7F55F61D6F0453005303C5 /* FriendList */,
				AB7F55F51D6F0449005303C5 /* ChatList */,
				ABE495BE1D6DBF180005CA71 /* AppDelegate.swift */,
				ABE495C51D6DBF180005CA71 /* Assets.xcassets */,
				ABE495CA1D6DBF180005CA71 /* Info.plist */,
			);
			path = "Chat-iOS";
			sourceTree = "<group>";
		};
		BD43A9146981985720F6E839 /* Frameworks */ = {
			isa = PBXGroup;
			children = (
				7909FAA3E8F0C67FCBF8F416 /* Pods_Chat_iOS.framework */,
			);
			name = Frameworks;
			sourceTree = "<group>";
		};
/* End PBXGroup section */

/* Begin PBXNativeTarget section */
		ABE495BA1D6DBF180005CA71 /* Chat-iOS */ = {
			isa = PBXNativeTarget;
			buildConfigurationList = ABE495CD1D6DBF180005CA71 /* Build configuration list for PBXNativeTarget "Chat-iOS" */;
			buildPhases = (
				6646CB4D508FDF0EE1D6F98E /* [CP] Check Pods Manifest.lock */,
				ABE495B71D6DBF180005CA71 /* Sources */,
				ABE495B81D6DBF180005CA71 /* Frameworks */,
				ABE495B91D6DBF180005CA71 /* Resources */,
				35EF19C1987EA9FBD4360203 /* [CP] Embed Pods Frameworks */,
				1643EC653C59174D8640E1FA /* [CP] Copy Pods Resources */,
			);
			buildRules = (
			);
			dependencies = (
			);
			name = "Chat-iOS";
			productName = "Chat-iOS";
			productReference = ABE495BB1D6DBF180005CA71 /* Chat-iOS.app */;
			productType = "com.apple.product-type.application";
		};
/* End PBXNativeTarget section */

/* Begin PBXProject section */
		ABE495B31D6DBF180005CA71 /* Project object */ = {
			isa = PBXProject;
			attributes = {
				LastSwiftUpdateCheck = 0800;
				LastUpgradeCheck = 0800;
				ORGANIZATIONNAME = xiaolei;
				TargetAttributes = {
					ABE495BA1D6DBF180005CA71 = {
						CreatedOnToolsVersion = 8.0;
						DevelopmentTeam = VFR2RNC766;
						ProvisioningStyle = Automatic;
					};
				};
			};
			buildConfigurationList = ABE495B61D6DBF180005CA71 /* Build configuration list for PBXProject "Chat-iOS" */;
			compatibilityVersion = "Xcode 3.2";
			developmentRegion = English;
			hasScannedForEncodings = 0;
			knownRegions = (
				en,
				Base,
			);
			mainGroup = ABE495B21D6DBF180005CA71;
			productRefGroup = ABE495BC1D6DBF180005CA71 /* Products */;
			projectDirPath = "";
			projectRoot = "";
			targets = (
				ABE495BA1D6DBF180005CA71 /* Chat-iOS */,
			);
		};
/* End PBXProject section */

/* Begin PBXResourcesBuildPhase section */
		ABE495B91D6DBF180005CA71 /* Resources */ = {
			isa = PBXResourcesBuildPhase;
			buildActionMask = 2147483647;
			files = (
				ABE495C91D6DBF180005CA71 /* LaunchScreen.storyboard in Resources */,
				ABE495C61D6DBF180005CA71 /* Assets.xcassets in Resources */,
				ABE495C41D6DBF180005CA71 /* Main.storyboard in Resources */,
			);
			runOnlyForDeploymentPostprocessing = 0;
		};
/* End PBXResourcesBuildPhase section */

/* Begin PBXShellScriptBuildPhase section */
		1643EC653C59174D8640E1FA /* [CP] Copy Pods Resources */ = {
			isa = PBXShellScriptBuildPhase;
			buildActionMask = 2147483647;
			files = (
			);
			inputPaths = (
			);
			name = "[CP] Copy Pods Resources";
			outputPaths = (
			);
			runOnlyForDeploymentPostprocessing = 0;
			shellPath = /bin/sh;
			shellScript = "\"${SRCROOT}/Pods/Target Support Files/Pods-Chat-iOS/Pods-Chat-iOS-resources.sh\"\n";
			showEnvVarsInLog = 0;
		};
		35EF19C1987EA9FBD4360203 /* [CP] Embed Pods Frameworks */ = {
			isa = PBXShellScriptBuildPhase;
			buildActionMask = 2147483647;
			files = (
			);
			inputPaths = (
			);
			name = "[CP] Embed Pods Frameworks";
			outputPaths = (
			);
			runOnlyForDeploymentPostprocessing = 0;
			shellPath = /bin/sh;
			shellScript = "\"${SRCROOT}/Pods/Target Support Files/Pods-Chat-iOS/Pods-Chat-iOS-frameworks.sh\"\n";
			showEnvVarsInLog = 0;
		};
		6646CB4D508FDF0EE1D6F98E /* [CP] Check Pods Manifest.lock */ = {
			isa = PBXShellScriptBuildPhase;
			buildActionMask = 2147483647;
			files = (
			);
			inputPaths = (
			);
			name = "[CP] Check Pods Manifest.lock";
			outputPaths = (
			);
			runOnlyForDeploymentPostprocessing = 0;
			shellPath = /bin/sh;
			shellScript = "diff \"${PODS_ROOT}/../Podfile.lock\" \"${PODS_ROOT}/Manifest.lock\" > /dev/null\nif [ $? != 0 ] ; then\n    # print error to STDERR\n    echo \"error: The sandbox is not in sync with the Podfile.lock. Run 'pod install' or update your CocoaPods installation.\" >&2\n    exit 1\nfi\n";
			showEnvVarsInLog = 0;
		};
/* End PBXShellScriptBuildPhase section */

/* Begin PBXSourcesBuildPhase section */
		ABE495B71D6DBF180005CA71 /* Sources */ = {
			isa = PBXSourcesBuildPhase;
			buildActionMask = 2147483647;
			files = (
				AB7F56131D6FCA58005303C5 /* UserRouter.swift in Sources */,
				AB7F56191D7011FA005303C5 /* LeftMenuTableViewCell.swift in Sources */,
				AB7F55FA1D6F0483005303C5 /* FriendListViewController.swift in Sources */,
				AB05C2ED1D75205900C60D8D /* RegisViewController.swift in Sources */,
				AB7F55FC1D6F04B4005303C5 /* AboutMeViewController.swift in Sources */,
				AB05C2E51D73D64900C60D8D /* Chat-iOS.xcdatamodeld in Sources */,
				AB7F56031D6F0696005303C5 /* RootTabBarViewController.swift in Sources */,
				AB05C2EA1D74047A00C60D8D /* Peple+CoreDataClass.swift in Sources */,
				AB05C2EB1D74047A00C60D8D /* Peple+CoreDataProperties.swift in Sources */,
				AB7F56061D6F0875005303C5 /* FriendDynamicsViewController.swift in Sources */,
				ABDA8C231D7030D7008CBE56 /* UserMoreInformationTableViewController.swift in Sources */,
				AB7F55F81D6F0474005303C5 /* ChatListViewController.swift in Sources */,
				AB7F56161D6FD457005303C5 /* RequestAPI.swift in Sources */,
				ABE495BF1D6DBF180005CA71 /* AppDelegate.swift in Sources */,
			);
			runOnlyForDeploymentPostprocessing = 0;
		};
/* End PBXSourcesBuildPhase section */

/* Begin PBXVariantGroup section */
		ABE495C21D6DBF180005CA71 /* Main.storyboard */ = {
			isa = PBXVariantGroup;
			children = (
				ABE495C31D6DBF180005CA71 /* Base */,
			);
			name = Main.storyboard;
			sourceTree = "<group>";
		};
		ABE495C71D6DBF180005CA71 /* LaunchScreen.storyboard */ = {
			isa = PBXVariantGroup;
			children = (
				ABE495C81D6DBF180005CA71 /* Base */,
			);
			name = LaunchScreen.storyboard;
			sourceTree = "<group>";
		};
/* End PBXVariantGroup section */

/* Begin XCBuildConfiguration section */
		ABE495CB1D6DBF180005CA71 /* Debug */ = {
			isa = XCBuildConfiguration;
			buildSettings = {
				ALWAYS_SEARCH_USER_PATHS = NO;
				CLANG_ANALYZER_NONNULL = YES;
				CLANG_CXX_LANGUAGE_STANDARD = "gnu++0x";
				CLANG_CXX_LIBRARY = "libc++";
				CLANG_ENABLE_MODULES = YES;
				CLANG_ENABLE_OBJC_ARC = YES;
				CLANG_WARN_BOOL_CONVERSION = YES;
				CLANG_WARN_CONSTANT_CONVERSION = YES;
				CLANG_WARN_DIRECT_OBJC_ISA_USAGE = YES_ERROR;
				CLANG_WARN_DOCUMENTATION_COMMENTS = YES;
				CLANG_WARN_EMPTY_BODY = YES;
				CLANG_WARN_ENUM_CONVERSION = YES;
				CLANG_WARN_INFINITE_RECURSION = YES;
				CLANG_WARN_INT_CONVERSION = YES;
				CLANG_WARN_OBJC_ROOT_CLASS = YES_ERROR;
				CLANG_WARN_SUSPICIOUS_MOVE = YES;
				CLANG_WARN_SUSPICIOUS_MOVES = YES;
				CLANG_WARN_UNREACHABLE_CODE = YES;
				CLANG_WARN__DUPLICATE_METHOD_MATCH = YES;
				"CODE_SIGN_IDENTITY[sdk=iphoneos*]" = "iPhone Developer";
				COPY_PHASE_STRIP = NO;
				DEBUG_INFORMATION_FORMAT = dwarf;
				ENABLE_STRICT_OBJC_MSGSEND = YES;
				ENABLE_TESTABILITY = YES;
				GCC_C_LANGUAGE_STANDARD = gnu99;
				GCC_DYNAMIC_NO_PIC = NO;
				GCC_NO_COMMON_BLOCKS = YES;
				GCC_OPTIMIZATION_LEVEL = 0;
				GCC_PREPROCESSOR_DEFINITIONS = (
					"DEBUG=1",
					"$(inherited)",
				);
				GCC_WARN_64_TO_32_BIT_CONVERSION = YES;
				GCC_WARN_ABOUT_RETURN_TYPE = YES_ERROR;
				GCC_WARN_UNDECLARED_SELECTOR = YES;
				GCC_WARN_UNINITIALIZED_AUTOS = YES_AGGRESSIVE;
				GCC_WARN_UNUSED_FUNCTION = YES;
				GCC_WARN_UNUSED_VARIABLE = YES;
				IPHONEOS_DEPLOYMENT_TARGET = 10.0;
				MTL_ENABLE_DEBUG_INFO = YES;
				ONLY_ACTIVE_ARCH = YES;
				SDKROOT = iphoneos;
				SWIFT_ACTIVE_COMPILATION_CONDITIONS = DEBUG;
				SWIFT_OPTIMIZATION_LEVEL = "-Onone";
			};
			name = Debug;
		};
		ABE495CC1D6DBF180005CA71 /* Release */ = {
			isa = XCBuildConfiguration;
			buildSettings = {
				ALWAYS_SEARCH_USER_PATHS = NO;
				CLANG_ANALYZER_NONNULL = YES;
				CLANG_CXX_LANGUAGE_STANDARD = "gnu++0x";
				CLANG_CXX_LIBRARY = "libc++";
				CLANG_ENABLE_MODULES = YES;
				CLANG_ENABLE_OBJC_ARC = YES;
				CLANG_WARN_BOOL_CONVERSION = YES;
				CLANG_WARN_CONSTANT_CONVERSION = YES;
				CLANG_WARN_DIRECT_OBJC_ISA_USAGE = YES_ERROR;
				CLANG_WARN_DOCUMENTATION_COMMENTS = YES;
				CLANG_WARN_EMPTY_BODY = YES;
				CLANG_WARN_ENUM_CONVERSION = YES;
				CLANG_WARN_INFINITE_RECURSION = YES;
				CLANG_WARN_INT_CONVERSION = YES;
				CLANG_WARN_OBJC_ROOT_CLASS = YES_ERROR;
				CLANG_WARN_SUSPICIOUS_MOVE = YES;
				CLANG_WARN_SUSPICIOUS_MOVES = YES;
				CLANG_WARN_UNREACHABLE_CODE = YES;
				CLANG_WARN__DUPLICATE_METHOD_MATCH = YES;
				"CODE_SIGN_IDENTITY[sdk=iphoneos*]" = "iPhone Developer";
				COPY_PHASE_STRIP = NO;
				DEBUG_INFORMATION_FORMAT = "dwarf-with-dsym";
				ENABLE_NS_ASSERTIONS = NO;
				ENABLE_STRICT_OBJC_MSGSEND = YES;
				GCC_C_LANGUAGE_STANDARD = gnu99;
				GCC_NO_COMMON_BLOCKS = YES;
				GCC_WARN_64_TO_32_BIT_CONVERSION = YES;
				GCC_WARN_ABOUT_RETURN_TYPE = YES_ERROR;
				GCC_WARN_UNDECLARED_SELECTOR = YES;
				GCC_WARN_UNINITIALIZED_AUTOS = YES_AGGRESSIVE;
				GCC_WARN_UNUSED_FUNCTION = YES;
				GCC_WARN_UNUSED_VARIABLE = YES;
				IPHONEOS_DEPLOYMENT_TARGET = 10.0;
				MTL_ENABLE_DEBUG_INFO = NO;
				SDKROOT = iphoneos;
				SWIFT_OPTIMIZATION_LEVEL = "-Owholemodule";
				VALIDATE_PRODUCT = YES;
			};
			name = Release;
		};
		ABE495CE1D6DBF180005CA71 /* Debug */ = {
			isa = XCBuildConfiguration;
			baseConfigurationReference = F8F1F229E58464748D4A9CBD /* Pods-Chat-iOS.debug.xcconfig */;
			buildSettings = {
				ALWAYS_EMBED_SWIFT_STANDARD_LIBRARIES = YES;
				ASSETCATALOG_COMPILER_APPICON_NAME = AppIcon;
				DEVELOPMENT_TEAM = VFR2RNC766;
				INFOPLIST_FILE = "Chat-iOS/Info.plist";
				IPHONEOS_DEPLOYMENT_TARGET = 9.0;
				LD_RUNPATH_SEARCH_PATHS = "$(inherited) @executable_path/Frameworks";
				PRODUCT_BUNDLE_IDENTIFIER = "net.dowhile.Chat-iOS";
				PRODUCT_NAME = "$(TARGET_NAME)";
				SWIFT_VERSION = 3.0;
			};
			name = Debug;
		};
		ABE495CF1D6DBF180005CA71 /* Release */ = {
			isa = XCBuildConfiguration;
			baseConfigurationReference = FEC739BC661451857018B294 /* Pods-Chat-iOS.release.xcconfig */;
			buildSettings = {
				ALWAYS_EMBED_SWIFT_STANDARD_LIBRARIES = YES;
				ASSETCATALOG_COMPILER_APPICON_NAME = AppIcon;
				DEVELOPMENT_TEAM = VFR2RNC766;
				INFOPLIST_FILE = "Chat-iOS/Info.plist";
				IPHONEOS_DEPLOYMENT_TARGET = 9.0;
				LD_RUNPATH_SEARCH_PATHS = "$(inherited) @executable_path/Frameworks";
				PRODUCT_BUNDLE_IDENTIFIER = "net.dowhile.Chat-iOS";
				PRODUCT_NAME = "$(TARGET_NAME)";
				SWIFT_VERSION = 3.0;
			};
			name = Release;
		};
/* End XCBuildConfiguration section */

/* Begin XCConfigurationList section */
		ABE495B61D6DBF180005CA71 /* Build configuration list for PBXProject "Chat-iOS" */ = {
			isa = XCConfigurationList;
			buildConfigurations = (
				ABE495CB1D6DBF180005CA71 /* Debug */,
				ABE495CC1D6DBF180005CA71 /* Release */,
			);
			defaultConfigurationIsVisible = 0;
			defaultConfigurationName = Release;
		};
		ABE495CD1D6DBF180005CA71 /* Build configuration list for PBXNativeTarget "Chat-iOS" */ = {
			isa = XCConfigurationList;
			buildConfigurations = (
				ABE495CE1D6DBF180005CA71 /* Debug */,
				ABE495CF1D6DBF180005CA71 /* Release */,
			);
			defaultConfigurationIsVisible = 0;
			defaultConfigurationName = Release;
		};
/* End XCConfigurationList section */

/* Begin XCVersionGroup section */
		AB05C2E31D73D64900C60D8D /* Chat-iOS.xcdatamodeld */ = {
			isa = XCVersionGroup;
			children = (
				AB05C2E41D73D64900C60D8D /* Chat-iOS.xcdatamodel */,
			);
			currentVersion = AB05C2E41D73D64900C60D8D /* Chat-iOS.xcdatamodel */;
			path = "Chat-iOS.xcdatamodeld";
			sourceTree = "<group>";
			versionGroupType = wrapper.xcdatamodel;
		};
/* End XCVersionGroup section */
	};
	rootObject = ABE495B31D6DBF180005CA71 /* Project object */;
}
